{
    "_readme": [
        "This file locks the dependencies of your project to a known state",
        "Read more about it at https://getcomposer.org/doc/01-basic-usage.md#installing-dependencies",
        "This file is @generated automatically"
    ],
    "content-hash": "f91125b4ef332c177544f849ad25525b",
    "packages": [
        {
            "name": "components/jquery",
            "version": "v3.7.1",
            "source": {
                "type": "git",
                "url": "https://github.com/components/jquery.git",
                "reference": "8edc7785239bb8c2ad2b83302b856a1d61de60e7"
            },
            "dist": {
                "type": "zip",
                "url": "https://api.github.com/repos/components/jquery/zipball/8edc7785239bb8c2ad2b83302b856a1d61de60e7",
                "reference": "8edc7785239bb8c2ad2b83302b856a1d61de60e7",
                "shasum": ""
            },
            "type": "component",
            "extra": {
                "component": {
                    "scripts": [
                        "jquery.js"
                    ],
                    "files": [
                        "jquery.min.js",
                        "jquery.min.map",
                        "jquery.slim.js",
                        "jquery.slim.min.js",
                        "jquery.slim.min.map"
                    ]
                }
            },
            "notification-url": "https://packagist.org/downloads/",
            "license": [
                "MIT"
            ],
            "authors": [
                {
                    "name": "JS Foundation and other contributors"
                }
            ],
            "description": "jQuery JavaScript Library",
            "homepage": "http://jquery.com",
            "support": {
                "forum": "http://forum.jquery.com",
                "irc": "irc://irc.freenode.org/jquery",
                "issues": "https://github.com/jquery/jquery/issues",
                "source": "https://github.com/jquery/jquery",
                "wiki": "http://docs.jquery.com/"
            },
            "time": "2023-09-22T01:43:46+00:00"
        },
        {
            "name": "composer/installers",
            "version": "v2.2.0",
            "source": {
                "type": "git",
                "url": "https://github.com/composer/installers.git",
                "reference": "c29dc4b93137acb82734f672c37e029dfbd95b35"
            },
            "dist": {
                "type": "zip",
                "url": "https://api.github.com/repos/composer/installers/zipball/c29dc4b93137acb82734f672c37e029dfbd95b35",
                "reference": "c29dc4b93137acb82734f672c37e029dfbd95b35",
                "shasum": ""
            },
            "require": {
                "composer-plugin-api": "^1.0 || ^2.0",
                "php": "^7.2 || ^8.0"
            },
            "require-dev": {
                "composer/composer": "1.6.* || ^2.0",
                "composer/semver": "^1 || ^3",
                "phpstan/phpstan": "^0.12.55",
                "phpstan/phpstan-phpunit": "^0.12.16",
                "symfony/phpunit-bridge": "^5.3",
                "symfony/process": "^5"
            },
            "type": "composer-plugin",
            "extra": {
                "class": "Composer\\Installers\\Plugin",
                "branch-alias": {
                    "dev-main": "2.x-dev"
                },
                "plugin-modifies-install-path": true
            },
            "autoload": {
                "psr-4": {
                    "Composer\\Installers\\": "src/Composer/Installers"
                }
            },
            "notification-url": "https://packagist.org/downloads/",
            "license": [
                "MIT"
            ],
            "authors": [
                {
                    "name": "Kyle Robinson Young",
                    "email": "kyle@dontkry.com",
                    "homepage": "https://github.com/shama"
                }
            ],
            "description": "A multi-framework Composer library installer",
            "homepage": "https://composer.github.io/installers/",
            "keywords": [
                "Dolibarr",
                "Eliasis",
                "Hurad",
                "ImageCMS",
                "Kanboard",
                "Lan Management System",
                "MODX Evo",
                "MantisBT",
                "Mautic",
                "Maya",
                "OXID",
                "Plentymarkets",
                "Porto",
                "RadPHP",
                "SMF",
                "Starbug",
                "Thelia",
                "Whmcs",
                "WolfCMS",
                "agl",
                "annotatecms",
                "attogram",
                "bitrix",
                "cakephp",
                "chef",
                "cockpit",
                "codeigniter",
                "concrete5",
                "croogo",
                "dokuwiki",
                "drupal",
                "eZ Platform",
                "elgg",
                "expressionengine",
                "fuelphp",
                "grav",
                "installer",
                "itop",
                "known",
                "kohana",
                "laravel",
                "lavalite",
                "lithium",
                "magento",
                "majima",
                "mako",
                "matomo",
                "mediawiki",
                "miaoxing",
                "modulework",
                "modx",
                "moodle",
                "osclass",
                "pantheon",
                "phpbb",
                "piwik",
                "ppi",
                "processwire",
                "puppet",
                "pxcms",
                "reindex",
                "roundcube",
                "shopware",
                "silverstripe",
                "sydes",
                "sylius",
                "tastyigniter",
                "wordpress",
                "yawik",
                "zend",
                "zikula"
            ],
            "support": {
                "issues": "https://github.com/composer/installers/issues",
                "source": "https://github.com/composer/installers/tree/v2.2.0"
            },
            "funding": [
                {
                    "url": "https://packagist.com",
                    "type": "custom"
                },
                {
                    "url": "https://github.com/composer",
                    "type": "github"
                },
                {
                    "url": "https://tidelift.com/funding/github/packagist/composer/composer",
                    "type": "tidelift"
                }
            ],
            "time": "2022-08-20T06:45:11+00:00"
        },
        {
            "name": "fullcalendar/fullcalendar",
            "version": "v3.10.5",
            "source": {
                "type": "git",
                "url": "https://github.com/fullcalendar/fullcalendar.git",
                "reference": "791e71059c597473d48d1d1aa2f72cbff670252c"
            },
            "dist": {
                "type": "zip",
                "url": "https://api.github.com/repos/fullcalendar/fullcalendar/zipball/791e71059c597473d48d1d1aa2f72cbff670252c",
                "reference": "791e71059c597473d48d1d1aa2f72cbff670252c",
                "shasum": ""
            },
            "require": {
                "components/jquery": "2 - 3",
                "moment/moment": "^2.20.1",
                "robloach/component-installer": "*"
            },
            "type": "component",
            "extra": {
                "component": {
                    "scripts": [
                        "dist/fullcalendar.js"
                    ],
                    "styles": [
                        "dist/fullcalendar.css"
                    ],
                    "files": [
                        "dist/fullcalendar.min.js",
                        "dist/fullcalendar.min.css",
                        "dist/fullcalendar.print.css",
                        "dist/fullcalendar.print.min.css",
                        "dist/gcal.js",
                        "dist/gcal.min.js",
                        "dist/locale-all.js",
                        "dist/locale/*.js"
                    ]
                }
            },
            "notification-url": "https://packagist.org/downloads/",
            "license": [
                "MIT"
            ],
            "authors": [
                {
                    "name": "Adam Shaw",
                    "email": "arshaw@arshaw.com",
                    "homepage": "http://arshaw.com/"
                }
            ],
            "description": "Full-sized drag & drop event calendar",
            "homepage": "https://fullcalendar.io/",
            "keywords": [
                "calendar",
                "event",
                "full-sized",
                "jquery-plugin"
            ],
            "support": {
                "issues": "https://github.com/fullcalendar/fullcalendar/issues",
                "source": "https://github.com/fullcalendar/fullcalendar/tree/v3.10.5"
            },
            "time": "2021-11-02T23:57:34+00:00"
        },
        {
            "name": "graham-campbell/result-type",
            "version": "v1.1.2",
            "source": {
                "type": "git",
                "url": "https://github.com/GrahamCampbell/Result-Type.git",
                "reference": "fbd48bce38f73f8a4ec8583362e732e4095e5862"
            },
            "dist": {
                "type": "zip",
                "url": "https://api.github.com/repos/GrahamCampbell/Result-Type/zipball/fbd48bce38f73f8a4ec8583362e732e4095e5862",
                "reference": "fbd48bce38f73f8a4ec8583362e732e4095e5862",
                "shasum": ""
            },
            "require": {
                "php": "^7.2.5 || ^8.0",
                "phpoption/phpoption": "^1.9.2"
            },
            "require-dev": {
                "phpunit/phpunit": "^8.5.34 || ^9.6.13 || ^10.4.2"
            },
            "type": "library",
            "autoload": {
                "psr-4": {
                    "GrahamCampbell\\ResultType\\": "src/"
                }
            },
            "notification-url": "https://packagist.org/downloads/",
            "license": [
                "MIT"
            ],
            "authors": [
                {
                    "name": "Graham Campbell",
                    "email": "hello@gjcampbell.co.uk",
                    "homepage": "https://github.com/GrahamCampbell"
                }
            ],
            "description": "An Implementation Of The Result Type",
            "keywords": [
                "Graham Campbell",
                "GrahamCampbell",
                "Result Type",
                "Result-Type",
                "result"
            ],
            "support": {
                "issues": "https://github.com/GrahamCampbell/Result-Type/issues",
                "source": "https://github.com/GrahamCampbell/Result-Type/tree/v1.1.2"
            },
            "funding": [
                {
                    "url": "https://github.com/GrahamCampbell",
                    "type": "github"
                },
                {
                    "url": "https://tidelift.com/funding/github/packagist/graham-campbell/result-type",
                    "type": "tidelift"
                }
            ],
            "time": "2023-11-12T22:16:48+00:00"
        },
        {
            "name": "kriswallsmith/assetic",
            "version": "v1.4.0",
            "source": {
                "type": "git",
                "url": "https://github.com/kriswallsmith/assetic.git",
                "reference": "e911c437dbdf006a8f62c2f59b15b2d69a5e0aa1"
            },
            "dist": {
                "type": "zip",
                "url": "https://api.github.com/repos/kriswallsmith/assetic/zipball/e911c437dbdf006a8f62c2f59b15b2d69a5e0aa1",
                "reference": "e911c437dbdf006a8f62c2f59b15b2d69a5e0aa1",
                "shasum": ""
            },
            "require": {
                "php": ">=5.3.1",
                "symfony/process": "~2.1|~3.0"
            },
            "conflict": {
                "twig/twig": "<1.27"
            },
            "require-dev": {
                "leafo/lessphp": "^0.3.7",
                "leafo/scssphp": "~0.1",
                "meenie/javascript-packer": "^1.1",
                "mrclay/minify": "<2.3",
                "natxet/cssmin": "3.0.4",
                "patchwork/jsqueeze": "~1.0|~2.0",
                "phpunit/phpunit": "~4.8 || ^5.6",
                "psr/log": "~1.0",
                "ptachoire/cssembed": "~1.0",
                "symfony/phpunit-bridge": "~2.7|~3.0",
                "twig/twig": "~1.23|~2.0",
                "yfix/packager": "dev-master"
            },
            "suggest": {
                "leafo/lessphp": "Assetic provides the integration with the lessphp LESS compiler",
                "leafo/scssphp": "Assetic provides the integration with the scssphp SCSS compiler",
                "leafo/scssphp-compass": "Assetic provides the integration with the SCSS compass plugin",
                "patchwork/jsqueeze": "Assetic provides the integration with the JSqueeze JavaScript compressor",
                "ptachoire/cssembed": "Assetic provides the integration with phpcssembed to embed data uris",
                "twig/twig": "Assetic provides the integration with the Twig templating engine"
            },
            "type": "library",
            "extra": {
                "branch-alias": {
                    "dev-master": "1.4-dev"
                }
            },
            "autoload": {
                "files": [
                    "src/functions.php"
                ],
                "psr-0": {
                    "Assetic": "src/"
                }
            },
            "notification-url": "https://packagist.org/downloads/",
            "license": [
                "MIT"
            ],
            "authors": [
                {
                    "name": "Kris Wallsmith",
                    "email": "kris.wallsmith@gmail.com",
                    "homepage": "http://kriswallsmith.net/"
                }
            ],
            "description": "Asset Management for PHP",
            "homepage": "https://github.com/kriswallsmith/assetic",
            "keywords": [
                "assets",
                "compression",
                "minification"
            ],
            "support": {
                "issues": "https://github.com/kriswallsmith/assetic/issues",
                "source": "https://github.com/kriswallsmith/assetic/tree/master"
            },
            "time": "2016-11-11T18:43:20+00:00"
        },
        {
            "name": "moment/moment",
            "version": "2.30.1",
            "source": {
                "type": "git",
                "url": "https://github.com/moment/moment.git",
                "reference": "485d9a7d709bd5f3869a7ad24630cf0746d072dc"
            },
            "dist": {
                "type": "zip",
                "url": "https://api.github.com/repos/moment/moment/zipball/485d9a7d709bd5f3869a7ad24630cf0746d072dc",
                "reference": "485d9a7d709bd5f3869a7ad24630cf0746d072dc",
                "shasum": ""
            },
            "require": {
                "oomphinc/composer-installers-extender": "*"
            },
            "type": "component",
            "extra": {
                "component": {
                    "scripts": [
                        "moment.js"
                    ],
                    "files": [
                        "min/*.js",
                        "locale/*.js"
                    ]
                }
            },
            "notification-url": "https://packagist.org/downloads/",
            "license": [
                "MIT"
            ],
            "authors": [
                {
                    "name": "Tim Wood",
                    "email": "washwithcare@gmail.com"
                }
            ],
            "description": "Parse, validate, manipulate, and display dates in JavaScript.",
            "homepage": "https://github.com/moment/moment",
            "keywords": [
                "date",
                "ender",
                "format",
                "i18n",
                "l10n",
                "moment",
                "parse",
                "time",
                "validate"
            ],
            "support": {
                "issues": "https://github.com/moment/moment/issues",
                "source": "https://github.com/moment/moment/tree/2.30.1"
            },
            "time": "2023-12-27T10:35:18+00:00"
        },
        {
            "name": "oomphinc/composer-installers-extender",
            "version": "2.0.1",
            "source": {
                "type": "git",
                "url": "https://github.com/oomphinc/composer-installers-extender.git",
                "reference": "cbf4b6f9a24153b785d09eee755b995ba87bd5f9"
            },
            "dist": {
                "type": "zip",
                "url": "https://api.github.com/repos/oomphinc/composer-installers-extender/zipball/cbf4b6f9a24153b785d09eee755b995ba87bd5f9",
                "reference": "cbf4b6f9a24153b785d09eee755b995ba87bd5f9",
                "shasum": ""
            },
            "require": {
                "composer-plugin-api": "^1.1 || ^2.0",
                "composer/installers": "^1.0 || ^2.0",
                "php": ">=7.1"
            },
            "require-dev": {
                "composer/composer": "^2.0",
                "phpunit/phpunit": "^7.2",
                "squizlabs/php_codesniffer": "^3.3"
            },
            "type": "composer-plugin",
            "extra": {
                "class": "OomphInc\\ComposerInstallersExtender\\Plugin"
            },
            "autoload": {
                "psr-4": {
                    "OomphInc\\ComposerInstallersExtender\\": "src/"
                }
            },
            "notification-url": "https://packagist.org/downloads/",
            "license": [
                "MIT"
            ],
            "authors": [
                {
                    "name": "Stephen Beemsterboer",
                    "email": "stephen@oomphinc.com",
                    "homepage": "https://github.com/balbuf"
                },
                {
                    "name": "Nathan Dentzau",
                    "email": "nate@oomphinc.com",
                    "homepage": "http://oomph.is/ndentzau"
                }
            ],
            "description": "Extend the composer/installers plugin to accept any arbitrary package type.",
            "homepage": "http://www.oomphinc.com/",
            "support": {
                "issues": "https://github.com/oomphinc/composer-installers-extender/issues",
                "source": "https://github.com/oomphinc/composer-installers-extender/tree/2.0.1"
            },
            "time": "2021-12-15T12:32:42+00:00"
        },
        {
            "name": "phpoption/phpoption",
            "version": "1.9.2",
            "source": {
                "type": "git",
                "url": "https://github.com/schmittjoh/php-option.git",
                "reference": "80735db690fe4fc5c76dfa7f9b770634285fa820"
            },
            "dist": {
                "type": "zip",
                "url": "https://api.github.com/repos/schmittjoh/php-option/zipball/80735db690fe4fc5c76dfa7f9b770634285fa820",
                "reference": "80735db690fe4fc5c76dfa7f9b770634285fa820",
                "shasum": ""
            },
            "require": {
                "php": "^7.2.5 || ^8.0"
            },
            "require-dev": {
                "bamarni/composer-bin-plugin": "^1.8.2",
                "phpunit/phpunit": "^8.5.34 || ^9.6.13 || ^10.4.2"
            },
            "type": "library",
            "extra": {
                "bamarni-bin": {
                    "bin-links": true,
                    "forward-command": true
                },
                "branch-alias": {
                    "dev-master": "1.9-dev"
                }
            },
            "autoload": {
                "psr-4": {
                    "PhpOption\\": "src/PhpOption/"
                }
            },
            "notification-url": "https://packagist.org/downloads/",
            "license": [
                "Apache-2.0"
            ],
            "authors": [
                {
                    "name": "Johannes M. Schmitt",
                    "email": "schmittjoh@gmail.com",
                    "homepage": "https://github.com/schmittjoh"
                },
                {
                    "name": "Graham Campbell",
                    "email": "hello@gjcampbell.co.uk",
                    "homepage": "https://github.com/GrahamCampbell"
                }
            ],
            "description": "Option Type for PHP",
            "keywords": [
                "language",
                "option",
                "php",
                "type"
            ],
            "support": {
                "issues": "https://github.com/schmittjoh/php-option/issues",
                "source": "https://github.com/schmittjoh/php-option/tree/1.9.2"
            },
            "funding": [
                {
                    "url": "https://github.com/GrahamCampbell",
                    "type": "github"
                },
                {
                    "url": "https://tidelift.com/funding/github/packagist/phpoption/phpoption",
                    "type": "tidelift"
                }
            ],
            "time": "2023-11-12T21:59:55+00:00"
        },
        {
            "name": "robloach/component-installer",
            "version": "0.0.12",
            "source": {
                "type": "git",
                "url": "https://github.com/RobLoach/component-installer.git",
                "reference": "1864f25db21fc173e02a359f646acd596c1b0460"
            },
            "dist": {
                "type": "zip",
                "url": "https://api.github.com/repos/RobLoach/component-installer/zipball/1864f25db21fc173e02a359f646acd596c1b0460",
                "reference": "1864f25db21fc173e02a359f646acd596c1b0460",
                "shasum": ""
            },
            "require": {
                "kriswallsmith/assetic": "1.*",
                "php": ">=5.3.2"
            },
            "require-dev": {
                "composer/composer": "1.*"
            },
            "type": "composer-installer",
            "extra": {
                "class": "ComponentInstaller\\Installer"
            },
            "autoload": {
                "psr-0": {
                    "ComponentInstaller": "src/"
                }
            },
            "notification-url": "https://packagist.org/downloads/",
            "license": [
                "MIT"
            ],
            "authors": [
                {
                    "name": "Rob Loach",
                    "email": "robloach@gmail.com",
                    "homepage": "http://robloach.net"
                }
            ],
            "description": "Allows installation of Components via Composer.",
            "support": {
                "issues": "https://github.com/RobLoach/component-installer/issues",
                "source": "https://github.com/RobLoach/component-installer/tree/master"
            },
            "abandoned": "oomphinc/composer-installers-extender",
            "time": "2013-08-31T23:46:48+00:00"
        },
        {
            "name": "symfony/polyfill-ctype",
            "version": "v1.28.0",
            "source": {
                "type": "git",
                "url": "https://github.com/symfony/polyfill-ctype.git",
                "reference": "ea208ce43cbb04af6867b4fdddb1bdbf84cc28cb"
            },
            "dist": {
                "type": "zip",
                "url": "https://api.github.com/repos/symfony/polyfill-ctype/zipball/ea208ce43cbb04af6867b4fdddb1bdbf84cc28cb",
                "reference": "ea208ce43cbb04af6867b4fdddb1bdbf84cc28cb",
                "shasum": ""
            },
            "require": {
                "php": ">=7.1"
            },
            "provide": {
                "ext-ctype": "*"
            },
            "suggest": {
                "ext-ctype": "For best performance"
            },
            "type": "library",
            "extra": {
                "branch-alias": {
                    "dev-main": "1.28-dev"
                },
                "thanks": {
                    "name": "symfony/polyfill",
                    "url": "https://github.com/symfony/polyfill"
                }
            },
            "autoload": {
                "files": [
                    "bootstrap.php"
                ],
                "psr-4": {
                    "Symfony\\Polyfill\\Ctype\\": ""
                }
            },
            "notification-url": "https://packagist.org/downloads/",
            "license": [
                "MIT"
            ],
            "authors": [
                {
                    "name": "Gert de Pagter",
                    "email": "BackEndTea@gmail.com"
                },
                {
                    "name": "Symfony Community",
                    "homepage": "https://symfony.com/contributors"
                }
            ],
            "description": "Symfony polyfill for ctype functions",
            "homepage": "https://symfony.com",
            "keywords": [
                "compatibility",
                "ctype",
                "polyfill",
                "portable"
            ],
            "support": {
                "source": "https://github.com/symfony/polyfill-ctype/tree/v1.28.0"
            },
            "funding": [
                {
                    "url": "https://symfony.com/sponsor",
                    "type": "custom"
                },
                {
                    "url": "https://github.com/fabpot",
                    "type": "github"
                },
                {
                    "url": "https://tidelift.com/funding/github/packagist/symfony/symfony",
                    "type": "tidelift"
                }
            ],
            "time": "2023-01-26T09:26:14+00:00"
        },
        {
            "name": "symfony/polyfill-mbstring",
            "version": "v1.28.0",
            "source": {
                "type": "git",
                "url": "https://github.com/symfony/polyfill-mbstring.git",
                "reference": "42292d99c55abe617799667f454222c54c60e229"
            },
            "dist": {
                "type": "zip",
                "url": "https://api.github.com/repos/symfony/polyfill-mbstring/zipball/42292d99c55abe617799667f454222c54c60e229",
                "reference": "42292d99c55abe617799667f454222c54c60e229",
                "shasum": ""
            },
            "require": {
                "php": ">=7.1"
            },
            "provide": {
                "ext-mbstring": "*"
            },
            "suggest": {
                "ext-mbstring": "For best performance"
            },
            "type": "library",
            "extra": {
                "branch-alias": {
                    "dev-main": "1.28-dev"
                },
                "thanks": {
                    "name": "symfony/polyfill",
                    "url": "https://github.com/symfony/polyfill"
                }
            },
            "autoload": {
                "files": [
                    "bootstrap.php"
                ],
                "psr-4": {
                    "Symfony\\Polyfill\\Mbstring\\": ""
                }
            },
            "notification-url": "https://packagist.org/downloads/",
            "license": [
                "MIT"
            ],
            "authors": [
                {
                    "name": "Nicolas Grekas",
                    "email": "p@tchwork.com"
                },
                {
                    "name": "Symfony Community",
                    "homepage": "https://symfony.com/contributors"
                }
            ],
            "description": "Symfony polyfill for the Mbstring extension",
            "homepage": "https://symfony.com",
            "keywords": [
                "compatibility",
                "mbstring",
                "polyfill",
                "portable",
                "shim"
            ],
            "support": {
                "source": "https://github.com/symfony/polyfill-mbstring/tree/v1.28.0"
            },
            "funding": [
                {
                    "url": "https://symfony.com/sponsor",
                    "type": "custom"
                },
                {
                    "url": "https://github.com/fabpot",
                    "type": "github"
                },
                {
                    "url": "https://tidelift.com/funding/github/packagist/symfony/symfony",
                    "type": "tidelift"
                }
            ],
            "time": "2023-07-28T09:04:16+00:00"
        },
        {
            "name": "symfony/polyfill-php80",
            "version": "v1.28.0",
            "source": {
                "type": "git",
                "url": "https://github.com/symfony/polyfill-php80.git",
                "reference": "6caa57379c4aec19c0a12a38b59b26487dcfe4b5"
            },
            "dist": {
                "type": "zip",
                "url": "https://api.github.com/repos/symfony/polyfill-php80/zipball/6caa57379c4aec19c0a12a38b59b26487dcfe4b5",
                "reference": "6caa57379c4aec19c0a12a38b59b26487dcfe4b5",
                "shasum": ""
            },
            "require": {
                "php": ">=7.1"
            },
            "type": "library",
            "extra": {
                "branch-alias": {
                    "dev-main": "1.28-dev"
                },
                "thanks": {
                    "name": "symfony/polyfill",
                    "url": "https://github.com/symfony/polyfill"
                }
            },
            "autoload": {
                "files": [
                    "bootstrap.php"
                ],
                "psr-4": {
                    "Symfony\\Polyfill\\Php80\\": ""
                },
                "classmap": [
                    "Resources/stubs"
                ]
            },
            "notification-url": "https://packagist.org/downloads/",
            "license": [
                "MIT"
            ],
            "authors": [
                {
                    "name": "Ion Bazan",
                    "email": "ion.bazan@gmail.com"
                },
                {
                    "name": "Nicolas Grekas",
                    "email": "p@tchwork.com"
                },
                {
                    "name": "Symfony Community",
                    "homepage": "https://symfony.com/contributors"
                }
            ],
            "description": "Symfony polyfill backporting some PHP 8.0+ features to lower PHP versions",
            "homepage": "https://symfony.com",
            "keywords": [
                "compatibility",
                "polyfill",
                "portable",
                "shim"
            ],
            "support": {
                "source": "https://github.com/symfony/polyfill-php80/tree/v1.28.0"
            },
            "funding": [
                {
                    "url": "https://symfony.com/sponsor",
                    "type": "custom"
                },
                {
                    "url": "https://github.com/fabpot",
                    "type": "github"
                },
                {
                    "url": "https://tidelift.com/funding/github/packagist/symfony/symfony",
                    "type": "tidelift"
                }
            ],
            "time": "2023-01-26T09:26:14+00:00"
        },
        {
            "name": "symfony/process",
            "version": "v3.4.47",
            "source": {
                "type": "git",
                "url": "https://github.com/symfony/process.git",
                "reference": "b8648cf1d5af12a44a51d07ef9bf980921f15fca"
            },
            "dist": {
                "type": "zip",
                "url": "https://api.github.com/repos/symfony/process/zipball/b8648cf1d5af12a44a51d07ef9bf980921f15fca",
                "reference": "b8648cf1d5af12a44a51d07ef9bf980921f15fca",
                "shasum": ""
            },
            "require": {
                "php": "^5.5.9|>=7.0.8"
            },
            "type": "library",
            "autoload": {
                "psr-4": {
                    "Symfony\\Component\\Process\\": ""
                },
                "exclude-from-classmap": [
                    "/Tests/"
                ]
            },
            "notification-url": "https://packagist.org/downloads/",
            "license": [
                "MIT"
            ],
            "authors": [
                {
                    "name": "Fabien Potencier",
                    "email": "fabien@symfony.com"
                },
                {
                    "name": "Symfony Community",
                    "homepage": "https://symfony.com/contributors"
                }
            ],
            "description": "Symfony Process Component",
            "homepage": "https://symfony.com",
            "support": {
                "source": "https://github.com/symfony/process/tree/v3.4.47"
            },
            "funding": [
                {
                    "url": "https://symfony.com/sponsor",
                    "type": "custom"
                },
                {
                    "url": "https://github.com/fabpot",
                    "type": "github"
                },
                {
                    "url": "https://tidelift.com/funding/github/packagist/symfony/symfony",
                    "type": "tidelift"
                }
            ],
            "time": "2020-10-24T10:57:07+00:00"
        },
        {
            "name": "vlucas/phpdotenv",
            "version": "v5.6.0",
            "source": {
                "type": "git",
                "url": "https://github.com/vlucas/phpdotenv.git",
                "reference": "2cf9fb6054c2bb1d59d1f3817706ecdb9d2934c4"
            },
            "dist": {
                "type": "zip",
                "url": "https://api.github.com/repos/vlucas/phpdotenv/zipball/2cf9fb6054c2bb1d59d1f3817706ecdb9d2934c4",
                "reference": "2cf9fb6054c2bb1d59d1f3817706ecdb9d2934c4",
                "shasum": ""
            },
            "require": {
                "ext-pcre": "*",
                "graham-campbell/result-type": "^1.1.2",
                "php": "^7.2.5 || ^8.0",
                "phpoption/phpoption": "^1.9.2",
                "symfony/polyfill-ctype": "^1.24",
                "symfony/polyfill-mbstring": "^1.24",
                "symfony/polyfill-php80": "^1.24"
            },
            "require-dev": {
                "bamarni/composer-bin-plugin": "^1.8.2",
                "ext-filter": "*",
                "phpunit/phpunit": "^8.5.34 || ^9.6.13 || ^10.4.2"
            },
            "suggest": {
                "ext-filter": "Required to use the boolean validator."
            },
            "type": "library",
            "extra": {
                "bamarni-bin": {
                    "bin-links": true,
                    "forward-command": true
                },
                "branch-alias": {
                    "dev-master": "5.6-dev"
                }
            },
            "autoload": {
                "psr-4": {
                    "Dotenv\\": "src/"
                }
            },
            "notification-url": "https://packagist.org/downloads/",
            "license": [
                "BSD-3-Clause"
            ],
            "authors": [
                {
                    "name": "Graham Campbell",
                    "email": "hello@gjcampbell.co.uk",
                    "homepage": "https://github.com/GrahamCampbell"
                },
                {
                    "name": "Vance Lucas",
                    "email": "vance@vancelucas.com",
                    "homepage": "https://github.com/vlucas"
                }
            ],
            "description": "Loads environment variables from `.env` to `getenv()`, `$_ENV` and `$_SERVER` automagically.",
            "keywords": [
                "dotenv",
                "env",
                "environment"
            ],
            "support": {
                "issues": "https://github.com/vlucas/phpdotenv/issues",
                "source": "https://github.com/vlucas/phpdotenv/tree/v5.6.0"
            },
            "funding": [
                {
                    "url": "https://github.com/GrahamCampbell",
                    "type": "github"
                },
                {
                    "url": "https://tidelift.com/funding/github/packagist/vlucas/phpdotenv",
                    "type": "tidelift"
                }
            ],
            "time": "2023-11-12T22:43:29+00:00"
        }
    ],
    "packages-dev": [],
    "aliases": [],
    "minimum-stability": "stable",
    "stability-flags": [],
    "prefer-stable": false,
    "prefer-lowest": false,
    "platform": [],
    "platform-dev": [],
    "plugin-api-version": "2.6.0"
}
